
Microsoft Visual Studio Solution File, Format Version 12.00
# Visual Studio Version 17
VisualStudioVersion = 17.10.35013.160
MinimumVisualStudioVersion = 10.0.40219.1
Project("{FAE04EC0-301F-11D3-BF4B-00C04F79EFBC}") = "vikincode", "vikincode.csproj", "{32F9D02E-4E2A-4AFD-8066-F95D5685BD5E}"
EndProject
Global
	GlobalSection(SolutionConfigurationPlatforms) = preSolution
		Debug|Any CPU = Debug|Any CPU
		Release|Any CPU = Release|Any CPU
	EndGlobalSection
	GlobalSection(ProjectConfigurationPlatforms) = postSolution
		{32F9D02E-4E2A-4AFD-8066-F95D5685BD5E}.Debug|Any CPU.ActiveCfg = Debug|Any CPU
		{32F9D02E-4E2A-4AFD-8066-F95D5685BD5E}.Debug|Any CPU.Build.0 = Debug|Any CPU
		{32F9D02E-4E2A-4AFD-8066-F95D5685BD5E}.Release|Any CPU.ActiveCfg = Release|Any CPU
		{32F9D02E-4E2A-4AFD-8066-F95D5685BD5E}.Release|Any CPU.Build.0 = Release|Any CPU
	EndGlobalSection
	GlobalSection(SolutionProperties) = preSolution
		HideSolutionNode = FALSE
	EndGlobalSection
	GlobalSection(ExtensibilityGlobals) = postSolution
		SolutionGuid = {08E4B8A4-B54E-4AF7-B5D5-934810E37BDE}
	EndGlobalSection
EndGlobal
